schema: '2.0'
stages:
  scrape:
    cmd: PYTHONPATH=. python pipelines/scrape.py
    deps:
    - path: pipelines/scrape.py
      hash: md5
      md5: 38495f63aa0e63ecc05227b22dafcee8
      size: 659
    outs:
    - path: data-raw/gov_emissions.xlsx
      hash: md5
      md5: cbd4f53edb700024930eb9813610e6e1
      size: 1885737
      isexec: true
  transform:
    cmd: PYTHONPATH=. python pipelines/transform.py
    deps:
    - path: data-raw/gov_emissions.xlsx
      hash: md5
      md5: bd78217933651419003ea36de392dd39
      size: 1918395
    - path: pipelines/transform.py
      hash: md5
      md5: e0047690687a851e5bb6ad544792d029
      size: 1885
