schema: '2.0'
stages:
  scrape:
    cmd: PYTHONPATH=. python pipelines/scrape.py
    deps:
    - path: pipelines/scrape.py
      hash: md5
      md5: 38495f63aa0e63ecc05227b22dafcee8
      size: 659
    outs:
    - path: data-raw/gov_emissions.xlsx
      hash: md5
      md5: cbd4f53edb700024930eb9813610e6e1
      size: 1885737
      isexec: true
  transform:
    cmd: PYTHONPATH=. python pipelines/transform.py
    deps:
    - path: data-raw/gov_emissions.xlsx
      hash: md5
      md5: f572d00b49283adb48ca155999a5e22a
      size: 1917327
    - path: pipelines/transform.py
      hash: md5
      md5: fa953d0972981a1d3e094fb9df209688
      size: 4224
    outs:
    - path: data/transformed/air_travel.csv
      hash: md5
      md5: 3d9c793919ce9431e23693d9665f16f6
      size: 870
      isexec: true
    - path: data/transformed/buses.csv
      hash: md5
      md5: 779d60f588a73e951c324fbe1d13d34a
      size: 240
      isexec: true
    - path: data/transformed/passenger_vehicles.csv
      hash: md5
      md5: ce586c72409b9d9b96e6b5d5adee9f88
      size: 2785
      isexec: true
    - path: data/transformed/passenger_vehicles_info.csv
      hash: md5
      md5: a7f7282addbaee40c769ee489cad869d
      size: 2350
      isexec: true
    - path: data/transformed/sea_travel.csv
      hash: md5
      md5: 80c1f23ef56125192cea0b0cae36a803
      size: 426
      isexec: true
    - path: data/transformed/taxis.csv
      hash: md5
      md5: a16b22ab5a57adf4cbd0e9accd7972bc
      size: 180
      isexec: true
    - path: data/transformed/trains.csv
      hash: md5
      md5: 01db62e2e3c4b41427fb650a3e4088ad
      size: 249
      isexec: true
  prepare:
    cmd: PYTHONPATH=. python pipelines/prepare.py
    deps:
    - path: data/transformed_carbon_emissions.csv
      hash: md5
      md5: ff84a0114f28ae9db605010c0221da50
      size: 790
    - path: pipelines/prepare.py
      hash: md5
      md5: 4a49f40f5f33e6367805f443b7e30b55
      size: 95
