schema: '2.0'
stages:
  scrape:
    cmd: PYTHONPATH=. python pipelines/scrape.py
    deps:
    - path: pipelines/scrape.py
      hash: md5
      md5: eec2113c4399523910c4434be5268949
      size: 953
    outs:
    - path: data-raw/gov_emissions_flat_file.xlsx
      hash: md5
      md5: 888fb1227bc7f7fc55814d6a1e05015f
      size: 1303040
      isexec: true
  transform:
    cmd: PYTHONPATH=. python pipelines/transform.py
    deps:
    - path: data-raw/gov_emissions.xlsx
      hash: md5
      md5: a0e92e85f34310cbc83d97bf0cbc164d
      size: 1918193
    - path: pipelines/transform.py
      hash: md5
      md5: c21be019f579b1c28a4a863c5154d571
      size: 6676
    outs:
    - path: data/info/air_travel_info.csv
      hash: md5
      md5: 6b0f9de08aecd0f264f2773a361833a5
      size: 411
      isexec: true
    - path: data/info/passenger_vehicles_info.csv
      hash: md5
      md5: a7f7282addbaee40c769ee489cad869d
      size: 2350
      isexec: true
  prepare:
    cmd: PYTHONPATH=. python pipelines/prepare.py
    deps:
    - path: data/transformed
      hash: md5
      md5: 2e8acf8b93d7d61b6511b2345bda331c.dir
      size: 13061
      nfiles: 11
    - path: pipelines/prepare.py
      hash: md5
      md5: 14d15158eff01286f49afe809b845671
      size: 828
    outs:
    - path: data/prepped/emission_factor_catalogue.csv
      hash: md5
      md5: d4fe384b0f9f7b8dcba84fab0c2b9e5c
      size: 9349
      isexec: true
  flat_transform:
    cmd: PYTHONPATH=. python pipelines/flat_transform.py
    deps:
    - path: data-raw/emission_factors_flat_file.xlsx
      hash: md5
      md5: 56d46acf232388546e3a838434ea303d
      size: 374206
    - path: pipelines/flat_transform.py
      hash: md5
      md5: 5ce47d078d508e0a6a9bc31dc8b2a414
      size: 2197
    outs:
    - path: data/emission_factors.csv
      hash: md5
      md5: 8012f2dbc5142e1f79fb90565c909d4b
      size: 23411
      isexec: true
  info:
    cmd: PYTHONPATH=. python pipelines/info.py
    deps:
    - path: data-raw/gov_emissions.xlsx
      hash: md5
      md5: a0e92e85f34310cbc83d97bf0cbc164d
      size: 1918193
    - path: pipelines/info.py
      hash: md5
      md5: c21be019f579b1c28a4a863c5154d571
      size: 6676
    outs:
    - path: data/info/air_travel_info.csv
      hash: md5
      md5: 6b0f9de08aecd0f264f2773a361833a5
      size: 411
      isexec: true
    - path: data/info/passenger_vehicles_info.csv
      hash: md5
      md5: a7f7282addbaee40c769ee489cad869d
      size: 2350
      isexec: true
